
Microsoft Visual Studio Solution File, Format Version 12.00
# Visual Studio Version 16
VisualStudioVersion = 16.0.30413.136
MinimumVisualStudioVersion = 10.0.40219.1
Project("{888888A0-9F3D-457C-B088-3A5042F75D52}") = "nyangco", "nyangco.pyproj", "{62A12665-F9DA-4C58-85C3-FA2299913EAE}"
EndProject
Global
	GlobalSection(SolutionConfigurationPlatforms) = preSolution
		Debug|Any CPU = Debug|Any CPU
		Release|Any CPU = Release|Any CPU
	EndGlobalSection
	GlobalSection(ProjectConfigurationPlatforms) = postSolution
		{62A12665-F9DA-4C58-85C3-FA2299913EAE}.Debug|Any CPU.ActiveCfg = Debug|Any CPU
		{62A12665-F9DA-4C58-85C3-FA2299913EAE}.Release|Any CPU.ActiveCfg = Release|Any CPU
	EndGlobalSection
	GlobalSection(SolutionProperties) = preSolution
		HideSolutionNode = FALSE
	EndGlobalSection
	GlobalSection(ExtensibilityGlobals) = postSolution
		SolutionGuid = {3A72A58E-CE69-4371-85A7-BA544B292442}
	EndGlobalSection
EndGlobal
